
Microsoft Visual Studio Solution File, Format Version 12.00
# Visual Studio Version 16
VisualStudioVersion = 16.0.30320.27
MinimumVisualStudioVersion = 10.0.40219.1
Project("{9A19103F-16F7-4668-BE54-9A1E7A4F7556}") = "BooksStore", "BooksStore.csproj", "{4732C44E-E193-4931-A6BE-08FD27CFBD46}"
EndProject
Project("{9A19103F-16F7-4668-BE54-9A1E7A4F7556}") = "BooksStoreML.Model", "..\BooksStoreML.Model\BooksStoreML.Model.csproj", "{AE12BBDE-5156-448C-815E-55F06861E89E}"
EndProject
Project("{9A19103F-16F7-4668-BE54-9A1E7A4F7556}") = "BooksStoreML.ConsoleApp", "..\BooksStoreML.ConsoleApp\BooksStoreML.ConsoleApp.csproj", "{47C3276F-7ABF-451E-9D64-56C31F5BF25B}"
EndProject
Global
	GlobalSection(SolutionConfigurationPlatforms) = preSolution
		Debug|Any CPU = Debug|Any CPU
		Release|Any CPU = Release|Any CPU
	EndGlobalSection
	GlobalSection(ProjectConfigurationPlatforms) = postSolution
		{4732C44E-E193-4931-A6BE-08FD27CFBD46}.Debug|Any CPU.ActiveCfg = Debug|Any CPU
		{4732C44E-E193-4931-A6BE-08FD27CFBD46}.Debug|Any CPU.Build.0 = Debug|Any CPU
		{4732C44E-E193-4931-A6BE-08FD27CFBD46}.Release|Any CPU.ActiveCfg = Release|Any CPU
		{4732C44E-E193-4931-A6BE-08FD27CFBD46}.Release|Any CPU.Build.0 = Release|Any CPU
		{AE12BBDE-5156-448C-815E-55F06861E89E}.Debug|Any CPU.ActiveCfg = Debug|Any CPU
		{AE12BBDE-5156-448C-815E-55F06861E89E}.Debug|Any CPU.Build.0 = Debug|Any CPU
		{AE12BBDE-5156-448C-815E-55F06861E89E}.Release|Any CPU.ActiveCfg = Release|Any CPU
		{AE12BBDE-5156-448C-815E-55F06861E89E}.Release|Any CPU.Build.0 = Release|Any CPU
		{47C3276F-7ABF-451E-9D64-56C31F5BF25B}.Debug|Any CPU.ActiveCfg = Debug|Any CPU
		{47C3276F-7ABF-451E-9D64-56C31F5BF25B}.Debug|Any CPU.Build.0 = Debug|Any CPU
		{47C3276F-7ABF-451E-9D64-56C31F5BF25B}.Release|Any CPU.ActiveCfg = Release|Any CPU
		{47C3276F-7ABF-451E-9D64-56C31F5BF25B}.Release|Any CPU.Build.0 = Release|Any CPU
	EndGlobalSection
	GlobalSection(SolutionProperties) = preSolution
		HideSolutionNode = FALSE
	EndGlobalSection
	GlobalSection(ExtensibilityGlobals) = postSolution
		SolutionGuid = {04FE3E65-E372-4972-9021-C42CB8222437}
	EndGlobalSection
EndGlobal
